
Microsoft Visual Studio Solution File, Format Version 12.00
# Visual Studio Version 16
VisualStudioVersion = 16.0.32106.194
MinimumVisualStudioVersion = 10.0.40219.1
Project("{FAE04EC0-301F-11D3-BF4B-00C04F79EFBC}") = "VLU-CV", "VLU-CV\VLU-CV.csproj", "{010D1E3D-93E8-473F-AE94-6DB9D70F3F56}"
EndProject
Global
	GlobalSection(SolutionConfigurationPlatforms) = preSolution
		Debug|Any CPU = Debug|Any CPU
		Release|Any CPU = Release|Any CPU
	EndGlobalSection
	GlobalSection(ProjectConfigurationPlatforms) = postSolution
		{010D1E3D-93E8-473F-AE94-6DB9D70F3F56}.Debug|Any CPU.ActiveCfg = Debug|Any CPU
		{010D1E3D-93E8-473F-AE94-6DB9D70F3F56}.Debug|Any CPU.Build.0 = Debug|Any CPU
		{010D1E3D-93E8-473F-AE94-6DB9D70F3F56}.Release|Any CPU.ActiveCfg = Release|Any CPU
		{010D1E3D-93E8-473F-AE94-6DB9D70F3F56}.Release|Any CPU.Build.0 = Release|Any CPU
	EndGlobalSection
	GlobalSection(SolutionProperties) = preSolution
		HideSolutionNode = FALSE
	EndGlobalSection
	GlobalSection(ExtensibilityGlobals) = postSolution
		SolutionGuid = {982CD40B-F2DD-434E-AE3A-F12A2EBFE7DD}
	EndGlobalSection
EndGlobal
